
Microsoft Visual Studio Solution File, Format Version 12.00
# Visual Studio Version 16
VisualStudioVersion = 16.0.31507.150
MinimumVisualStudioVersion = 10.0.40219.1
Project("{9A19103F-16F7-4668-BE54-9A1E7A4F7556}") = "BulkyBook", "BulkyBook\BulkyBook.csproj", "{07106D15-BFFE-45B5-A534-05A76DEE7B52}"
EndProject
Project("{FAE04EC0-301F-11D3-BF4B-00C04F79EFBC}") = "BulkyBook.DataAccess", "BulkyBook.DataAccess\BulkyBook.DataAccess.csproj", "{6F6B5AEF-BC1E-404D-917B-D1B7BDB75B8B}"
EndProject
Project("{FAE04EC0-301F-11D3-BF4B-00C04F79EFBC}") = "BulkyBook.Models", "BulkyBook.Models\BulkyBook.Models.csproj", "{A0668748-9EBD-456D-A4F0-B74B208EC22B}"
EndProject
Project("{FAE04EC0-301F-11D3-BF4B-00C04F79EFBC}") = "BulkyBook.Utility", "BulkyBook.Utility\BulkyBook.Utility.csproj", "{C73EA23C-443D-4D61-BFFA-F14DBE797599}"
EndProject
Global
	GlobalSection(SolutionConfigurationPlatforms) = preSolution
		Debug|Any CPU = Debug|Any CPU
		Release|Any CPU = Release|Any CPU
	EndGlobalSection
	GlobalSection(ProjectConfigurationPlatforms) = postSolution
		{07106D15-BFFE-45B5-A534-05A76DEE7B52}.Debug|Any CPU.ActiveCfg = Debug|Any CPU
		{07106D15-BFFE-45B5-A534-05A76DEE7B52}.Debug|Any CPU.Build.0 = Debug|Any CPU
		{07106D15-BFFE-45B5-A534-05A76DEE7B52}.Release|Any CPU.ActiveCfg = Release|Any CPU
		{07106D15-BFFE-45B5-A534-05A76DEE7B52}.Release|Any CPU.Build.0 = Release|Any CPU
		{6F6B5AEF-BC1E-404D-917B-D1B7BDB75B8B}.Debug|Any CPU.ActiveCfg = Debug|Any CPU
		{6F6B5AEF-BC1E-404D-917B-D1B7BDB75B8B}.Debug|Any CPU.Build.0 = Debug|Any CPU
		{6F6B5AEF-BC1E-404D-917B-D1B7BDB75B8B}.Release|Any CPU.ActiveCfg = Release|Any CPU
		{6F6B5AEF-BC1E-404D-917B-D1B7BDB75B8B}.Release|Any CPU.Build.0 = Release|Any CPU
		{A0668748-9EBD-456D-A4F0-B74B208EC22B}.Debug|Any CPU.ActiveCfg = Debug|Any CPU
		{A0668748-9EBD-456D-A4F0-B74B208EC22B}.Debug|Any CPU.Build.0 = Debug|Any CPU
		{A0668748-9EBD-456D-A4F0-B74B208EC22B}.Release|Any CPU.ActiveCfg = Release|Any CPU
		{A0668748-9EBD-456D-A4F0-B74B208EC22B}.Release|Any CPU.Build.0 = Release|Any CPU
		{C73EA23C-443D-4D61-BFFA-F14DBE797599}.Debug|Any CPU.ActiveCfg = Debug|Any CPU
		{C73EA23C-443D-4D61-BFFA-F14DBE797599}.Debug|Any CPU.Build.0 = Debug|Any CPU
		{C73EA23C-443D-4D61-BFFA-F14DBE797599}.Release|Any CPU.ActiveCfg = Release|Any CPU
		{C73EA23C-443D-4D61-BFFA-F14DBE797599}.Release|Any CPU.Build.0 = Release|Any CPU
	EndGlobalSection
	GlobalSection(SolutionProperties) = preSolution
		HideSolutionNode = FALSE
	EndGlobalSection
	GlobalSection(ExtensibilityGlobals) = postSolution
		SolutionGuid = {4C87ADEF-0244-4BCC-B833-65AD37B128D5}
	EndGlobalSection
EndGlobal
